
Microsoft Visual Studio Solution File, Format Version 12.00
Project("{FAE04EC0-301F-11D3-BF4B-00C04F79EFBC}") = "Darya.Api", "Darya.Api\Darya.Api.csproj", "{7ABF1D44-7635-4B43-BE83-95A98AD6DB16}"
EndProject
Project("{FAE04EC0-301F-11D3-BF4B-00C04F79EFBC}") = "Darya.Domain", "Darya.Domain\Darya.Domain.csproj", "{2268A6ED-6FED-48A4-B8DC-8CE748950367}"
EndProject
Project("{FAE04EC0-301F-11D3-BF4B-00C04F79EFBC}") = "Darya.Application", "Darya.Application\Darya.Application.csproj", "{22D3F08E-C5BC-45CB-BBB7-8D50765ED728}"
EndProject
Project("{FAE04EC0-301F-11D3-BF4B-00C04F79EFBC}") = "Darya.Infrastructure", "Darya.Infrastructure\Darya.Infrastructure.csproj", "{68800570-19F2-4040-BDDC-59F5525D0308}"
EndProject
Project("{FAE04EC0-301F-11D3-BF4B-00C04F79EFBC}") = "Darya.Tests", "Darya.Tests\Darya.Tests.csproj", "{8AF138A4-6ABF-4849-B206-4CEC0637DD01}"
EndProject
Global
	GlobalSection(SolutionConfigurationPlatforms) = preSolution
		Debug|Any CPU = Debug|Any CPU
		Release|Any CPU = Release|Any CPU
	EndGlobalSection
	GlobalSection(ProjectConfigurationPlatforms) = postSolution
		{7ABF1D44-7635-4B43-BE83-95A98AD6DB16}.Debug|Any CPU.ActiveCfg = Debug|Any CPU
		{7ABF1D44-7635-4B43-BE83-95A98AD6DB16}.Debug|Any CPU.Build.0 = Debug|Any CPU
		{7ABF1D44-7635-4B43-BE83-95A98AD6DB16}.Release|Any CPU.ActiveCfg = Release|Any CPU
		{7ABF1D44-7635-4B43-BE83-95A98AD6DB16}.Release|Any CPU.Build.0 = Release|Any CPU
		{2268A6ED-6FED-48A4-B8DC-8CE748950367}.Debug|Any CPU.ActiveCfg = Debug|Any CPU
		{2268A6ED-6FED-48A4-B8DC-8CE748950367}.Debug|Any CPU.Build.0 = Debug|Any CPU
		{2268A6ED-6FED-48A4-B8DC-8CE748950367}.Release|Any CPU.ActiveCfg = Release|Any CPU
		{2268A6ED-6FED-48A4-B8DC-8CE748950367}.Release|Any CPU.Build.0 = Release|Any CPU
		{22D3F08E-C5BC-45CB-BBB7-8D50765ED728}.Debug|Any CPU.ActiveCfg = Debug|Any CPU
		{22D3F08E-C5BC-45CB-BBB7-8D50765ED728}.Debug|Any CPU.Build.0 = Debug|Any CPU
		{22D3F08E-C5BC-45CB-BBB7-8D50765ED728}.Release|Any CPU.ActiveCfg = Release|Any CPU
		{22D3F08E-C5BC-45CB-BBB7-8D50765ED728}.Release|Any CPU.Build.0 = Release|Any CPU
		{68800570-19F2-4040-BDDC-59F5525D0308}.Debug|Any CPU.ActiveCfg = Debug|Any CPU
		{68800570-19F2-4040-BDDC-59F5525D0308}.Debug|Any CPU.Build.0 = Debug|Any CPU
		{68800570-19F2-4040-BDDC-59F5525D0308}.Release|Any CPU.ActiveCfg = Release|Any CPU
		{68800570-19F2-4040-BDDC-59F5525D0308}.Release|Any CPU.Build.0 = Release|Any CPU
		{8AF138A4-6ABF-4849-B206-4CEC0637DD01}.Debug|Any CPU.ActiveCfg = Debug|Any CPU
		{8AF138A4-6ABF-4849-B206-4CEC0637DD01}.Debug|Any CPU.Build.0 = Debug|Any CPU
		{8AF138A4-6ABF-4849-B206-4CEC0637DD01}.Release|Any CPU.ActiveCfg = Release|Any CPU
		{8AF138A4-6ABF-4849-B206-4CEC0637DD01}.Release|Any CPU.Build.0 = Release|Any CPU
	EndGlobalSection
EndGlobal
